// !$*UTF8*$!
{
	archiveVersion = 1;
	classes = {
	};
	objectVersion = 56;
	objects = {

/* Begin PBXBuildFile section */
		D408C4282C8F28BB001464E7 /* Dummy.swift in Sources */ = {isa = PBXBuildFile; fileRef = D408C4272C8F28BB001464E7 /* Dummy.swift */; };
		D408C42B2C8F2F77001464E7 /* NavigationLazyView.swift in Sources */ = {isa = PBXBuildFile; fileRef = D408C42A2C8F2F77001464E7 /* NavigationLazyView.swift */; };
		D408C4752C91A8CD001464E7 /* GridTestView.swift in Sources */ = {isa = PBXBuildFile; fileRef = D408C4742C91A8CD001464E7 /* GridTestView.swift */; };
		D408C4772C91D57F001464E7 /* NetworkTestViewEE.swift in Sources */ = {isa = PBXBuildFile; fileRef = D408C4762C91D57F001464E7 /* NetworkTestViewEE.swift */; };
		D42FB9812C8EC529002BA635 /* CoinChartApp.swift in Sources */ = {isa = PBXBuildFile; fileRef = D42FB9802C8EC529002BA635 /* CoinChartApp.swift */; };
		D42FB9832C8EC529002BA635 /* CoinTabView.swift in Sources */ = {isa = PBXBuildFile; fileRef = D42FB9822C8EC529002BA635 /* CoinTabView.swift */; };
		D42FB9852C8EC52A002BA635 /* Assets.xcassets in Resources */ = {isa = PBXBuildFile; fileRef = D42FB9842C8EC52A002BA635 /* Assets.xcassets */; };
		D42FB9882C8EC52A002BA635 /* Preview Assets.xcassets in Resources */ = {isa = PBXBuildFile; fileRef = D42FB9872C8EC52A002BA635 /* Preview Assets.xcassets */; };
		D42FB98F2C8EC5B7002BA635 /* TrendingView.swift in Sources */ = {isa = PBXBuildFile; fileRef = D42FB98E2C8EC5B7002BA635 /* TrendingView.swift */; };
		D42FB9912C8EC5BD002BA635 /* SearchView.swift in Sources */ = {isa = PBXBuildFile; fileRef = D42FB9902C8EC5BD002BA635 /* SearchView.swift */; };
		D42FB9932C8EC5C3002BA635 /* FavoriteView.swift in Sources */ = {isa = PBXBuildFile; fileRef = D42FB9922C8EC5C3002BA635 /* FavoriteView.swift */; };
		D42FB9952C8EC5CE002BA635 /* ChartView.swift in Sources */ = {isa = PBXBuildFile; fileRef = D42FB9942C8EC5CE002BA635 /* ChartView.swift */; };
		D42FB9972C8EC9A2002BA635 /* ProfileView.swift in Sources */ = {isa = PBXBuildFile; fileRef = D42FB9962C8EC9A2002BA635 /* ProfileView.swift */; };
		D42FB9992C8EEA1B002BA635 /* .gitignore in Resources */ = {isa = PBXBuildFile; fileRef = D42FB9982C8EEA1B002BA635 /* .gitignore */; };
		D42FB99C2C8EEA32002BA635 /* APIKey.swift in Sources */ = {isa = PBXBuildFile; fileRef = D42FB99B2C8EEA32002BA635 /* APIKey.swift */; };
		D42FB9A02C8EEC6D002BA635 /* Kingfisher in Frameworks */ = {isa = PBXBuildFile; productRef = D42FB99F2C8EEC6D002BA635 /* Kingfisher */; };
		D42FB9A32C8EEC73002BA635 /* Toast in Frameworks */ = {isa = PBXBuildFile; productRef = D42FB9A22C8EEC73002BA635 /* Toast */; };
		D42FB9A62C8EEC80002BA635 /* Alamofire in Frameworks */ = {isa = PBXBuildFile; productRef = D42FB9A52C8EEC80002BA635 /* Alamofire */; };
		D42FB9A92C8EED66002BA635 /* TrendResponse.swift in Sources */ = {isa = PBXBuildFile; fileRef = D42FB9A82C8EED66002BA635 /* TrendResponse.swift */; };
		D42FB9AB2C8EFAC4002BA635 /* CoinSearchResponse.swift in Sources */ = {isa = PBXBuildFile; fileRef = D42FB9AA2C8EFAC4002BA635 /* CoinSearchResponse.swift */; };
		D42FB9AD2C8F0CFC002BA635 /* NetworkManager.swift in Sources */ = {isa = PBXBuildFile; fileRef = D42FB9AC2C8F0CFC002BA635 /* NetworkManager.swift */; };
		D42FB9AF2C8F18E8002BA635 /* MarketResponse.swift in Sources */ = {isa = PBXBuildFile; fileRef = D42FB9AE2C8F18E8002BA635 /* MarketResponse.swift */; };
/* End PBXBuildFile section */

/* Begin PBXFileReference section */
		D408C4272C8F28BB001464E7 /* Dummy.swift */ = {isa = PBXFileReference; lastKnownFileType = sourcecode.swift; path = Dummy.swift; sourceTree = "<group>"; };
		D408C42A2C8F2F77001464E7 /* NavigationLazyView.swift */ = {isa = PBXFileReference; lastKnownFileType = sourcecode.swift; path = NavigationLazyView.swift; sourceTree = "<group>"; };
		D408C4742C91A8CD001464E7 /* GridTestView.swift */ = {isa = PBXFileReference; lastKnownFileType = sourcecode.swift; path = GridTestView.swift; sourceTree = "<group>"; };
		D408C4762C91D57F001464E7 /* NetworkTestViewEE.swift */ = {isa = PBXFileReference; lastKnownFileType = sourcecode.swift; path = NetworkTestViewEE.swift; sourceTree = "<group>"; };
		D42FB97D2C8EC529002BA635 /* CoinChart.app */ = {isa = PBXFileReference; explicitFileType = wrapper.application; includeInIndex = 0; path = CoinChart.app; sourceTree = BUILT_PRODUCTS_DIR; };
		D42FB9802C8EC529002BA635 /* CoinChartApp.swift */ = {isa = PBXFileReference; lastKnownFileType = sourcecode.swift; path = CoinChartApp.swift; sourceTree = "<group>"; };
		D42FB9822C8EC529002BA635 /* CoinTabView.swift */ = {isa = PBXFileReference; lastKnownFileType = sourcecode.swift; path = CoinTabView.swift; sourceTree = "<group>"; };
		D42FB9842C8EC52A002BA635 /* Assets.xcassets */ = {isa = PBXFileReference; lastKnownFileType = folder.assetcatalog; path = Assets.xcassets; sourceTree = "<group>"; };
		D42FB9872C8EC52A002BA635 /* Preview Assets.xcassets */ = {isa = PBXFileReference; lastKnownFileType = folder.assetcatalog; path = "Preview Assets.xcassets"; sourceTree = "<group>"; };
		D42FB98E2C8EC5B7002BA635 /* TrendingView.swift */ = {isa = PBXFileReference; lastKnownFileType = sourcecode.swift; path = TrendingView.swift; sourceTree = "<group>"; };
		D42FB9902C8EC5BD002BA635 /* SearchView.swift */ = {isa = PBXFileReference; lastKnownFileType = sourcecode.swift; path = SearchView.swift; sourceTree = "<group>"; };
		D42FB9922C8EC5C3002BA635 /* FavoriteView.swift */ = {isa = PBXFileReference; lastKnownFileType = sourcecode.swift; path = FavoriteView.swift; sourceTree = "<group>"; };
		D42FB9942C8EC5CE002BA635 /* ChartView.swift */ = {isa = PBXFileReference; lastKnownFileType = sourcecode.swift; path = ChartView.swift; sourceTree = "<group>"; };
		D42FB9962C8EC9A2002BA635 /* ProfileView.swift */ = {isa = PBXFileReference; lastKnownFileType = sourcecode.swift; path = ProfileView.swift; sourceTree = "<group>"; };
		D42FB9982C8EEA1B002BA635 /* .gitignore */ = {isa = PBXFileReference; lastKnownFileType = text; path = .gitignore; sourceTree = "<group>"; };
		D42FB99B2C8EEA32002BA635 /* APIKey.swift */ = {isa = PBXFileReference; lastKnownFileType = sourcecode.swift; path = APIKey.swift; sourceTree = "<group>"; };
		D42FB9A82C8EED66002BA635 /* TrendResponse.swift */ = {isa = PBXFileReference; lastKnownFileType = sourcecode.swift; path = TrendResponse.swift; sourceTree = "<group>"; };
		D42FB9AA2C8EFAC4002BA635 /* CoinSearchResponse.swift */ = {isa = PBXFileReference; lastKnownFileType = sourcecode.swift; path = CoinSearchResponse.swift; sourceTree = "<group>"; };
		D42FB9AC2C8F0CFC002BA635 /* NetworkManager.swift */ = {isa = PBXFileReference; lastKnownFileType = sourcecode.swift; path = NetworkManager.swift; sourceTree = "<group>"; };
		D42FB9AE2C8F18E8002BA635 /* MarketResponse.swift */ = {isa = PBXFileReference; lastKnownFileType = sourcecode.swift; path = MarketResponse.swift; sourceTree = "<group>"; };
/* End PBXFileReference section */

/* Begin PBXFrameworksBuildPhase section */
		D42FB97A2C8EC529002BA635 /* Frameworks */ = {
			isa = PBXFrameworksBuildPhase;
			buildActionMask = 2147483647;
			files = (
				D42FB9A62C8EEC80002BA635 /* Alamofire in Frameworks */,
				D42FB9A32C8EEC73002BA635 /* Toast in Frameworks */,
				D42FB9A02C8EEC6D002BA635 /* Kingfisher in Frameworks */,
			);
			runOnlyForDeploymentPostprocessing = 0;
		};
/* End PBXFrameworksBuildPhase section */

/* Begin PBXGroup section */
		D408C4292C8F2F6A001464E7 /* ETC */ = {
			isa = PBXGroup;
			children = (
				D408C42A2C8F2F77001464E7 /* NavigationLazyView.swift */,
				D408C4272C8F28BB001464E7 /* Dummy.swift */,
			);
			path = ETC;
			sourceTree = "<group>";
		};
		D42FB9742C8EC529002BA635 = {
			isa = PBXGroup;
			children = (
				D42FB9982C8EEA1B002BA635 /* .gitignore */,
				D42FB97F2C8EC529002BA635 /* CoinChart */,
				D42FB97E2C8EC529002BA635 /* Products */,
			);
			sourceTree = "<group>";
		};
		D42FB97E2C8EC529002BA635 /* Products */ = {
			isa = PBXGroup;
			children = (
				D42FB97D2C8EC529002BA635 /* CoinChart.app */,
			);
			name = Products;
			sourceTree = "<group>";
		};
		D42FB97F2C8EC529002BA635 /* CoinChart */ = {
			isa = PBXGroup;
			children = (
				D42FB9802C8EC529002BA635 /* CoinChartApp.swift */,
				D42FB9822C8EC529002BA635 /* CoinTabView.swift */,
				D408C4742C91A8CD001464E7 /* GridTestView.swift */,
				D408C4762C91D57F001464E7 /* NetworkTestViewEE.swift */,
				D408C4292C8F2F6A001464E7 /* ETC */,
				D42FB9A72C8EED43002BA635 /* Network */,
				D42FB99D2C8EEA46002BA635 /* Tab */,
				D42FB9942C8EC5CE002BA635 /* ChartView.swift */,
				D42FB9842C8EC52A002BA635 /* Assets.xcassets */,
				D42FB9862C8EC52A002BA635 /* Preview Content */,
			);
			path = CoinChart;
			sourceTree = "<group>";
		};
		D42FB9862C8EC52A002BA635 /* Preview Content */ = {
			isa = PBXGroup;
			children = (
				D42FB9872C8EC52A002BA635 /* Preview Assets.xcassets */,
			);
			path = "Preview Content";
			sourceTree = "<group>";
		};
		D42FB99D2C8EEA46002BA635 /* Tab */ = {
			isa = PBXGroup;
			children = (
				D42FB98E2C8EC5B7002BA635 /* TrendingView.swift */,
				D42FB9902C8EC5BD002BA635 /* SearchView.swift */,
				D42FB9922C8EC5C3002BA635 /* FavoriteView.swift */,
				D42FB9962C8EC9A2002BA635 /* ProfileView.swift */,
			);
			path = Tab;
			sourceTree = "<group>";
		};
		D42FB9A72C8EED43002BA635 /* Network */ = {
			isa = PBXGroup;
			children = (
				D42FB99B2C8EEA32002BA635 /* APIKey.swift */,
				D42FB9AC2C8F0CFC002BA635 /* NetworkManager.swift */,
				D42FB9A82C8EED66002BA635 /* TrendResponse.swift */,
				D42FB9AA2C8EFAC4002BA635 /* CoinSearchResponse.swift */,
				D42FB9AE2C8F18E8002BA635 /* MarketResponse.swift */,
			);
			path = Network;
			sourceTree = "<group>";
		};
/* End PBXGroup section */

/* Begin PBXNativeTarget section */
		D42FB97C2C8EC529002BA635 /* CoinChart */ = {
			isa = PBXNativeTarget;
			buildConfigurationList = D42FB98B2C8EC52A002BA635 /* Build configuration list for PBXNativeTarget "CoinChart" */;
			buildPhases = (
				D42FB9792C8EC529002BA635 /* Sources */,
				D42FB97A2C8EC529002BA635 /* Frameworks */,
				D42FB97B2C8EC529002BA635 /* Resources */,
			);
			buildRules = (
			);
			dependencies = (
			);
			name = CoinChart;
			packageProductDependencies = (
				D42FB99F2C8EEC6D002BA635 /* Kingfisher */,
				D42FB9A22C8EEC73002BA635 /* Toast */,
				D42FB9A52C8EEC80002BA635 /* Alamofire */,
			);
			productName = CoinChart;
			productReference = D42FB97D2C8EC529002BA635 /* CoinChart.app */;
			productType = "com.apple.product-type.application";
		};
/* End PBXNativeTarget section */

/* Begin PBXProject section */
		D42FB9752C8EC529002BA635 /* Project object */ = {
			isa = PBXProject;
			attributes = {
				BuildIndependentTargetsInParallel = 1;
				LastSwiftUpdateCheck = 1540;
				LastUpgradeCheck = 1540;
				TargetAttributes = {
					D42FB97C2C8EC529002BA635 = {
						CreatedOnToolsVersion = 15.4;
					};
				};
			};
			buildConfigurationList = D42FB9782C8EC529002BA635 /* Build configuration list for PBXProject "CoinChart" */;
			compatibilityVersion = "Xcode 14.0";
			developmentRegion = en;
			hasScannedForEncodings = 0;
			knownRegions = (
				en,
				Base,
			);
			mainGroup = D42FB9742C8EC529002BA635;
			packageReferences = (
				D42FB99E2C8EEC6D002BA635 /* XCRemoteSwiftPackageReference "Kingfisher" */,
				D42FB9A12C8EEC73002BA635 /* XCRemoteSwiftPackageReference "Toast-Swift" */,
				D42FB9A42C8EEC80002BA635 /* XCRemoteSwiftPackageReference "Alamofire" */,
			);
			productRefGroup = D42FB97E2C8EC529002BA635 /* Products */;
			projectDirPath = "";
			projectRoot = "";
			targets = (
				D42FB97C2C8EC529002BA635 /* CoinChart */,
			);
		};
/* End PBXProject section */

/* Begin PBXResourcesBuildPhase section */
		D42FB97B2C8EC529002BA635 /* Resources */ = {
			isa = PBXResourcesBuildPhase;
			buildActionMask = 2147483647;
			files = (
				D42FB9882C8EC52A002BA635 /* Preview Assets.xcassets in Resources */,
				D42FB9992C8EEA1B002BA635 /* .gitignore in Resources */,
				D42FB9852C8EC52A002BA635 /* Assets.xcassets in Resources */,
			);
			runOnlyForDeploymentPostprocessing = 0;
		};
/* End PBXResourcesBuildPhase section */

/* Begin PBXSourcesBuildPhase section */
		D42FB9792C8EC529002BA635 /* Sources */ = {
			isa = PBXSourcesBuildPhase;
			buildActionMask = 2147483647;
			files = (
				D42FB9A92C8EED66002BA635 /* TrendResponse.swift in Sources */,
				D408C4772C91D57F001464E7 /* NetworkTestViewEE.swift in Sources */,
				D42FB9912C8EC5BD002BA635 /* SearchView.swift in Sources */,
				D42FB9AF2C8F18E8002BA635 /* MarketResponse.swift in Sources */,
				D42FB98F2C8EC5B7002BA635 /* TrendingView.swift in Sources */,
				D42FB99C2C8EEA32002BA635 /* APIKey.swift in Sources */,
				D42FB9AD2C8F0CFC002BA635 /* NetworkManager.swift in Sources */,
				D42FB9AB2C8EFAC4002BA635 /* CoinSearchResponse.swift in Sources */,
				D42FB9832C8EC529002BA635 /* CoinTabView.swift in Sources */,
				D42FB9932C8EC5C3002BA635 /* FavoriteView.swift in Sources */,
				D42FB9812C8EC529002BA635 /* CoinChartApp.swift in Sources */,
				D408C42B2C8F2F77001464E7 /* NavigationLazyView.swift in Sources */,
				D42FB9972C8EC9A2002BA635 /* ProfileView.swift in Sources */,
				D408C4752C91A8CD001464E7 /* GridTestView.swift in Sources */,
				D408C4282C8F28BB001464E7 /* Dummy.swift in Sources */,
				D42FB9952C8EC5CE002BA635 /* ChartView.swift in Sources */,
			);
			runOnlyForDeploymentPostprocessing = 0;
		};
/* End PBXSourcesBuildPhase section */

/* Begin XCBuildConfiguration section */
		D42FB9892C8EC52A002BA635 /* Debug */ = {
			isa = XCBuildConfiguration;
			buildSettings = {
				ALWAYS_SEARCH_USER_PATHS = NO;
				ASSETCATALOG_COMPILER_GENERATE_SWIFT_ASSET_SYMBOL_EXTENSIONS = YES;
				CLANG_ANALYZER_NONNULL = YES;
				CLANG_ANALYZER_NUMBER_OBJECT_CONVERSION = YES_AGGRESSIVE;
				CLANG_CXX_LANGUAGE_STANDARD = "gnu++20";
				CLANG_ENABLE_MODULES = YES;
				CLANG_ENABLE_OBJC_ARC = YES;
				CLANG_ENABLE_OBJC_WEAK = YES;
				CLANG_WARN_BLOCK_CAPTURE_AUTORELEASING = YES;
				CLANG_WARN_BOOL_CONVERSION = YES;
				CLANG_WARN_COMMA = YES;
				CLANG_WARN_CONSTANT_CONVERSION = YES;
				CLANG_WARN_DEPRECATED_OBJC_IMPLEMENTATIONS = YES;
				CLANG_WARN_DIRECT_OBJC_ISA_USAGE = YES_ERROR;
				CLANG_WARN_DOCUMENTATION_COMMENTS = YES;
				CLANG_WARN_EMPTY_BODY = YES;
				CLANG_WARN_ENUM_CONVERSION = YES;
				CLANG_WARN_INFINITE_RECURSION = YES;
				CLANG_WARN_INT_CONVERSION = YES;
				CLANG_WARN_NON_LITERAL_NULL_CONVERSION = YES;
				CLANG_WARN_OBJC_IMPLICIT_RETAIN_SELF = YES;
				CLANG_WARN_OBJC_LITERAL_CONVERSION = YES;
				CLANG_WARN_OBJC_ROOT_CLASS = YES_ERROR;
				CLANG_WARN_QUOTED_INCLUDE_IN_FRAMEWORK_HEADER = YES;
				CLANG_WARN_RANGE_LOOP_ANALYSIS = YES;
				CLANG_WARN_STRICT_PROTOTYPES = YES;
				CLANG_WARN_SUSPICIOUS_MOVE = YES;
				CLANG_WARN_UNGUARDED_AVAILABILITY = YES_AGGRESSIVE;
				CLANG_WARN_UNREACHABLE_CODE = YES;
				CLANG_WARN__DUPLICATE_METHOD_MATCH = YES;
				COPY_PHASE_STRIP = NO;
				DEBUG_INFORMATION_FORMAT = dwarf;
				ENABLE_STRICT_OBJC_MSGSEND = YES;
				ENABLE_TESTABILITY = YES;
				ENABLE_USER_SCRIPT_SANDBOXING = YES;
				GCC_C_LANGUAGE_STANDARD = gnu17;
				GCC_DYNAMIC_NO_PIC = NO;
				GCC_NO_COMMON_BLOCKS = YES;
				GCC_OPTIMIZATION_LEVEL = 0;
				GCC_PREPROCESSOR_DEFINITIONS = (
					"DEBUG=1",
					"$(inherited)",
				);
				GCC_WARN_64_TO_32_BIT_CONVERSION = YES;
				GCC_WARN_ABOUT_RETURN_TYPE = YES_ERROR;
				GCC_WARN_UNDECLARED_SELECTOR = YES;
				GCC_WARN_UNINITIALIZED_AUTOS = YES_AGGRESSIVE;
				GCC_WARN_UNUSED_FUNCTION = YES;
				GCC_WARN_UNUSED_VARIABLE = YES;
				IPHONEOS_DEPLOYMENT_TARGET = 17.5;
				LOCALIZATION_PREFERS_STRING_CATALOGS = YES;
				MTL_ENABLE_DEBUG_INFO = INCLUDE_SOURCE;
				MTL_FAST_MATH = YES;
				ONLY_ACTIVE_ARCH = YES;
				SDKROOT = iphoneos;
				SWIFT_ACTIVE_COMPILATION_CONDITIONS = "DEBUG $(inherited)";
				SWIFT_OPTIMIZATION_LEVEL = "-Onone";
			};
			name = Debug;
		};
		D42FB98A2C8EC52A002BA635 /* Release */ = {
			isa = XCBuildConfiguration;
			buildSettings = {
				ALWAYS_SEARCH_USER_PATHS = NO;
				ASSETCATALOG_COMPILER_GENERATE_SWIFT_ASSET_SYMBOL_EXTENSIONS = YES;
				CLANG_ANALYZER_NONNULL = YES;
				CLANG_ANALYZER_NUMBER_OBJECT_CONVERSION = YES_AGGRESSIVE;
				CLANG_CXX_LANGUAGE_STANDARD = "gnu++20";
				CLANG_ENABLE_MODULES = YES;
				CLANG_ENABLE_OBJC_ARC = YES;
				CLANG_ENABLE_OBJC_WEAK = YES;
				CLANG_WARN_BLOCK_CAPTURE_AUTORELEASING = YES;
				CLANG_WARN_BOOL_CONVERSION = YES;
				CLANG_WARN_COMMA = YES;
				CLANG_WARN_CONSTANT_CONVERSION = YES;
				CLANG_WARN_DEPRECATED_OBJC_IMPLEMENTATIONS = YES;
				CLANG_WARN_DIRECT_OBJC_ISA_USAGE = YES_ERROR;
				CLANG_WARN_DOCUMENTATION_COMMENTS = YES;
				CLANG_WARN_EMPTY_BODY = YES;
				CLANG_WARN_ENUM_CONVERSION = YES;
				CLANG_WARN_INFINITE_RECURSION = YES;
				CLANG_WARN_INT_CONVERSION = YES;
				CLANG_WARN_NON_LITERAL_NULL_CONVERSION = YES;
				CLANG_WARN_OBJC_IMPLICIT_RETAIN_SELF = YES;
				CLANG_WARN_OBJC_LITERAL_CONVERSION = YES;
				CLANG_WARN_OBJC_ROOT_CLASS = YES_ERROR;
				CLANG_WARN_QUOTED_INCLUDE_IN_FRAMEWORK_HEADER = YES;
				CLANG_WARN_RANGE_LOOP_ANALYSIS = YES;
				CLANG_WARN_STRICT_PROTOTYPES = YES;
				CLANG_WARN_SUSPICIOUS_MOVE = YES;
				CLANG_WARN_UNGUARDED_AVAILABILITY = YES_AGGRESSIVE;
				CLANG_WARN_UNREACHABLE_CODE = YES;
				CLANG_WARN__DUPLICATE_METHOD_MATCH = YES;
				COPY_PHASE_STRIP = NO;
				DEBUG_INFORMATION_FORMAT = "dwarf-with-dsym";
				ENABLE_NS_ASSERTIONS = NO;
				ENABLE_STRICT_OBJC_MSGSEND = YES;
				ENABLE_USER_SCRIPT_SANDBOXING = YES;
				GCC_C_LANGUAGE_STANDARD = gnu17;
				GCC_NO_COMMON_BLOCKS = YES;
				GCC_WARN_64_TO_32_BIT_CONVERSION = YES;
				GCC_WARN_ABOUT_RETURN_TYPE = YES_ERROR;
				GCC_WARN_UNDECLARED_SELECTOR = YES;
				GCC_WARN_UNINITIALIZED_AUTOS = YES_AGGRESSIVE;
				GCC_WARN_UNUSED_FUNCTION = YES;
				GCC_WARN_UNUSED_VARIABLE = YES;
				IPHONEOS_DEPLOYMENT_TARGET = 17.5;
				LOCALIZATION_PREFERS_STRING_CATALOGS = YES;
				MTL_ENABLE_DEBUG_INFO = NO;
				MTL_FAST_MATH = YES;
				SDKROOT = iphoneos;
				SWIFT_COMPILATION_MODE = wholemodule;
				VALIDATE_PRODUCT = YES;
			};
			name = Release;
		};
		D42FB98C2C8EC52A002BA635 /* Debug */ = {
			isa = XCBuildConfiguration;
			buildSettings = {
				ASSETCATALOG_COMPILER_APPICON_NAME = AppIcon;
				ASSETCATALOG_COMPILER_GLOBAL_ACCENT_COLOR_NAME = AccentColor;
				CODE_SIGN_STYLE = Automatic;
				CURRENT_PROJECT_VERSION = 1;
				DEVELOPMENT_ASSET_PATHS = "\"CoinChart/Preview Content\"";
				DEVELOPMENT_TEAM = NWL6WKXWCJ;
				ENABLE_PREVIEWS = YES;
				GENERATE_INFOPLIST_FILE = YES;
				INFOPLIST_KEY_UIApplicationSceneManifest_Generation = YES;
				INFOPLIST_KEY_UIApplicationSupportsIndirectInputEvents = YES;
				INFOPLIST_KEY_UILaunchScreen_Generation = YES;
				INFOPLIST_KEY_UISupportedInterfaceOrientations = UIInterfaceOrientationPortrait;
				INFOPLIST_KEY_UISupportedInterfaceOrientations_iPad = "UIInterfaceOrientationLandscapeLeft UIInterfaceOrientationLandscapeRight UIInterfaceOrientationPortrait UIInterfaceOrientationPortraitUpsideDown";
				IPHONEOS_DEPLOYMENT_TARGET = 16.0;
				LD_RUNPATH_SEARCH_PATHS = (
					"$(inherited)",
					"@executable_path/Frameworks",
				);
				MARKETING_VERSION = 1.0;
				PRODUCT_BUNDLE_IDENTIFIER = com.Ray.CoinChart;
				PRODUCT_NAME = "$(TARGET_NAME)";
				SUPPORTED_PLATFORMS = "iphoneos iphonesimulator";
				SUPPORTS_MACCATALYST = NO;
				SUPPORTS_MAC_DESIGNED_FOR_IPHONE_IPAD = NO;
				SUPPORTS_XR_DESIGNED_FOR_IPHONE_IPAD = NO;
				SWIFT_EMIT_LOC_STRINGS = YES;
				SWIFT_VERSION = 5.0;
				TARGETED_DEVICE_FAMILY = 1;
			};
			name = Debug;
		};
		D42FB98D2C8EC52A002BA635 /* Release */ = {
			isa = XCBuildConfiguration;
			buildSettings = {
				ASSETCATALOG_COMPILER_APPICON_NAME = AppIcon;
				ASSETCATALOG_COMPILER_GLOBAL_ACCENT_COLOR_NAME = AccentColor;
				CODE_SIGN_STYLE = Automatic;
				CURRENT_PROJECT_VERSION = 1;
				DEVELOPMENT_ASSET_PATHS = "\"CoinChart/Preview Content\"";
				DEVELOPMENT_TEAM = NWL6WKXWCJ;
				ENABLE_PREVIEWS = YES;
				GENERATE_INFOPLIST_FILE = YES;
				INFOPLIST_KEY_UIApplicationSceneManifest_Generation = YES;
				INFOPLIST_KEY_UIApplicationSupportsIndirectInputEvents = YES;
				INFOPLIST_KEY_UILaunchScreen_Generation = YES;
				INFOPLIST_KEY_UISupportedInterfaceOrientations = UIInterfaceOrientationPortrait;
				INFOPLIST_KEY_UISupportedInterfaceOrientations_iPad = "UIInterfaceOrientationLandscapeLeft UIInterfaceOrientationLandscapeRight UIInterfaceOrientationPortrait UIInterfaceOrientationPortraitUpsideDown";
				IPHONEOS_DEPLOYMENT_TARGET = 16.0;
				LD_RUNPATH_SEARCH_PATHS = (
					"$(inherited)",
					"@executable_path/Frameworks",
				);
				MARKETING_VERSION = 1.0;
				PRODUCT_BUNDLE_IDENTIFIER = com.Ray.CoinChart;
				PRODUCT_NAME = "$(TARGET_NAME)";
				SUPPORTED_PLATFORMS = "iphoneos iphonesimulator";
				SUPPORTS_MACCATALYST = NO;
				SUPPORTS_MAC_DESIGNED_FOR_IPHONE_IPAD = NO;
				SUPPORTS_XR_DESIGNED_FOR_IPHONE_IPAD = NO;
				SWIFT_EMIT_LOC_STRINGS = YES;
				SWIFT_VERSION = 5.0;
				TARGETED_DEVICE_FAMILY = 1;
			};
			name = Release;
		};
/* End XCBuildConfiguration section */

/* Begin XCConfigurationList section */
		D42FB9782C8EC529002BA635 /* Build configuration list for PBXProject "CoinChart" */ = {
			isa = XCConfigurationList;
			buildConfigurations = (
				D42FB9892C8EC52A002BA635 /* Debug */,
				D42FB98A2C8EC52A002BA635 /* Release */,
			);
			defaultConfigurationIsVisible = 0;
			defaultConfigurationName = Release;
		};
		D42FB98B2C8EC52A002BA635 /* Build configuration list for PBXNativeTarget "CoinChart" */ = {
			isa = XCConfigurationList;
			buildConfigurations = (
				D42FB98C2C8EC52A002BA635 /* Debug */,
				D42FB98D2C8EC52A002BA635 /* Release */,
			);
			defaultConfigurationIsVisible = 0;
			defaultConfigurationName = Release;
		};
/* End XCConfigurationList section */

/* Begin XCRemoteSwiftPackageReference section */
		D42FB99E2C8EEC6D002BA635 /* XCRemoteSwiftPackageReference "Kingfisher" */ = {
			isa = XCRemoteSwiftPackageReference;
			repositoryURL = "https://github.com/onevcat/Kingfisher.git";
			requirement = {
				kind = upToNextMajorVersion;
				minimumVersion = 7.12.0;
			};
		};
		D42FB9A12C8EEC73002BA635 /* XCRemoteSwiftPackageReference "Toast-Swift" */ = {
			isa = XCRemoteSwiftPackageReference;
			repositoryURL = "https://github.com/scalessec/Toast-Swift.git";
			requirement = {
				kind = upToNextMajorVersion;
				minimumVersion = 5.1.1;
			};
		};
		D42FB9A42C8EEC80002BA635 /* XCRemoteSwiftPackageReference "Alamofire" */ = {
			isa = XCRemoteSwiftPackageReference;
			repositoryURL = "https://github.com/Alamofire/Alamofire.git";
			requirement = {
				kind = upToNextMajorVersion;
				minimumVersion = 5.9.1;
			};
		};
/* End XCRemoteSwiftPackageReference section */

/* Begin XCSwiftPackageProductDependency section */
		D42FB99F2C8EEC6D002BA635 /* Kingfisher */ = {
			isa = XCSwiftPackageProductDependency;
			package = D42FB99E2C8EEC6D002BA635 /* XCRemoteSwiftPackageReference "Kingfisher" */;
			productName = Kingfisher;
		};
		D42FB9A22C8EEC73002BA635 /* Toast */ = {
			isa = XCSwiftPackageProductDependency;
			package = D42FB9A12C8EEC73002BA635 /* XCRemoteSwiftPackageReference "Toast-Swift" */;
			productName = Toast;
		};
		D42FB9A52C8EEC80002BA635 /* Alamofire */ = {
			isa = XCSwiftPackageProductDependency;
			package = D42FB9A42C8EEC80002BA635 /* XCRemoteSwiftPackageReference "Alamofire" */;
			productName = Alamofire;
		};
/* End XCSwiftPackageProductDependency section */
	};
	rootObject = D42FB9752C8EC529002BA635 /* Project object */;
}
